# @generated by Move, please check-in and do not edit manually.

[move]
version = 3
manifest_digest = "949C729206E7F23E6A2C7C1EED922C1FD485EF654DC45C66D9384C4401F48169"
deps_digest = "3C4103934B1E040BB6B23F1D610B4EF9F2F1166A50A104EADCF77467C004C600"
dependencies = [
  { id = "Archive", name = "Archive" },
  { id = "Sui", name = "Sui" },
]

[[move.package]]
id = "Archive"
source = { local = "../archive" }

dependencies = [
  { id = "Sui", name = "Sui" },
]

[[move.package]]
id = "MoveStdlib"
source = { git = "https://github.com/MystenLabs/sui.git", rev = "framework/testnet", subdir = "crates/sui-framework/packages/move-stdlib" }

[[move.package]]
id = "Sui"
source = { git = "https://github.com/MystenLabs/sui.git", rev = "framework/testnet", subdir = "crates/sui-framework/packages/sui-framework" }

dependencies = [
  { id = "MoveStdlib", name = "MoveStdlib" },
]

[move.toolchain-version]
compiler-version = "1.37.2"
edition = "2024.beta"
flavor = "sui"
