# @generated by Move, please check-in and do not edit manually.

[move]
version = 3
manifest_digest = "EFA6F6C91CB6FD4A359DDF103099ED48151C0BECF91DAA1F50A4A9C87CC68D6B"
deps_digest = "060AD7E57DFB13104F21BE5F5C3759D03F0553FC3229247D9A7A6B45F50D03A3"
dependencies = [
  { id = "Archive", name = "Archive" },
  { id = "Nft", name = "Nft" },
  { id = "Sui", name = "Sui" },
]

[[move.package]]
id = "Archive"
source = { local = "../archive" }

dependencies = [
  { id = "Sui", name = "Sui" },
]

[[move.package]]
id = "MoveStdlib"
source = { git = "https://github.com/MystenLabs/sui.git", rev = "framework/testnet", subdir = "crates/sui-framework/packages/move-stdlib" }

[[move.package]]
id = "Nft"
source = { local = "../nft" }

dependencies = [
  { id = "Archive", name = "Archive" },
  { id = "Sui", name = "Sui" },
]

[[move.package]]
id = "Sui"
source = { git = "https://github.com/MystenLabs/sui.git", rev = "framework/testnet", subdir = "crates/sui-framework/packages/sui-framework" }

dependencies = [
  { id = "MoveStdlib", name = "MoveStdlib" },
]

[move.toolchain-version]
compiler-version = "1.37.2"
edition = "2024.beta"
flavor = "sui"
